
Microsoft Visual Studio Solution File, Format Version 12.00
# Visual Studio Version 16
VisualStudioVersion = 16.0.29519.181
MinimumVisualStudioVersion = 10.0.40219.1
Project("{9A19103F-16F7-4668-BE54-9A1E7A4F7556}") = "Wang.IdentityServer", "Wang.IdentityServer.csproj", "{635E7480-6C46-46AE-9269-F9A913AF51D4}"
EndProject
Project("{FAE04EC0-301F-11D3-BF4B-00C04F79EFBC}") = "Client", "..\Client\Client.csproj", "{6FDF481E-D138-4926-9300-4D7E8838A114}"
EndProject
Project("{FAE04EC0-301F-11D3-BF4B-00C04F79EFBC}") = "WebApi", "..\WebApi\WebApi.csproj", "{DDE10718-03C6-4DE3-A074-B19124718355}"
EndProject
Global
	GlobalSection(SolutionConfigurationPlatforms) = preSolution
		Debug|Any CPU = Debug|Any CPU
		Release|Any CPU = Release|Any CPU
	EndGlobalSection
	GlobalSection(ProjectConfigurationPlatforms) = postSolution
		{635E7480-6C46-46AE-9269-F9A913AF51D4}.Debug|Any CPU.ActiveCfg = Debug|Any CPU
		{635E7480-6C46-46AE-9269-F9A913AF51D4}.Debug|Any CPU.Build.0 = Debug|Any CPU
		{635E7480-6C46-46AE-9269-F9A913AF51D4}.Release|Any CPU.ActiveCfg = Release|Any CPU
		{635E7480-6C46-46AE-9269-F9A913AF51D4}.Release|Any CPU.Build.0 = Release|Any CPU
		{6FDF481E-D138-4926-9300-4D7E8838A114}.Debug|Any CPU.ActiveCfg = Debug|Any CPU
		{6FDF481E-D138-4926-9300-4D7E8838A114}.Debug|Any CPU.Build.0 = Debug|Any CPU
		{6FDF481E-D138-4926-9300-4D7E8838A114}.Release|Any CPU.ActiveCfg = Release|Any CPU
		{6FDF481E-D138-4926-9300-4D7E8838A114}.Release|Any CPU.Build.0 = Release|Any CPU
		{DDE10718-03C6-4DE3-A074-B19124718355}.Debug|Any CPU.ActiveCfg = Debug|Any CPU
		{DDE10718-03C6-4DE3-A074-B19124718355}.Debug|Any CPU.Build.0 = Debug|Any CPU
		{DDE10718-03C6-4DE3-A074-B19124718355}.Release|Any CPU.ActiveCfg = Release|Any CPU
		{DDE10718-03C6-4DE3-A074-B19124718355}.Release|Any CPU.Build.0 = Release|Any CPU
	EndGlobalSection
	GlobalSection(SolutionProperties) = preSolution
		HideSolutionNode = FALSE
	EndGlobalSection
	GlobalSection(ExtensibilityGlobals) = postSolution
		SolutionGuid = {317042D3-08AA-4A21-92CF-A8E22BDF7CCF}
	EndGlobalSection
EndGlobal
